
Microsoft Visual Studio Solution File, Format Version 12.00
# Visual Studio Version 16
VisualStudioVersion = 16.0.31702.278
MinimumVisualStudioVersion = 10.0.40219.1
Project("{9A19103F-16F7-4668-BE54-9A1E7A4F7556}") = "Day1102.Riepilogo", "Day1102.Riepilogo\Day1102.Riepilogo.csproj", "{E2654C29-CE8E-48CF-B7E3-B1945098E783}"
EndProject
Project("{9A19103F-16F7-4668-BE54-9A1E7A4F7556}") = "Day1102.OOP", "Day1102.OOP\Day1102.OOP.csproj", "{E16EA914-E728-4334-AA80-7051C74CBF24}"
EndProject
Project("{9A19103F-16F7-4668-BE54-9A1E7A4F7556}") = "Day1102.EsErboristeria", "Day1102.EsErboristeria\Day1102.EsErboristeria.csproj", "{CD6F867E-367C-4326-A4E1-6275AE58AA17}"
EndProject
Project("{9A19103F-16F7-4668-BE54-9A1E7A4F7556}") = "Day1103.EsDistributoreSnack", "Day1103.EsDistributoreSnack\Day1103.EsDistributoreSnack.csproj", "{D5C1E0F5-D0E4-4958-9800-8297F6954DD8}"
EndProject
Project("{FAE04EC0-301F-11D3-BF4B-00C04F79EFBC}") = "Day1104.EsContiBancari", "Day1104.EsContiBancari\Day1104.EsContiBancari.csproj", "{12E81830-6991-4C1D-8D38-E6C932C14710}"
EndProject
Project("{FAE04EC0-301F-11D3-BF4B-00C04F79EFBC}") = "Day1104.EsBollette", "Day1104.EsBollette\Day1104.EsBollette.csproj", "{72122C85-3B66-4DD6-A721-DC457F955454}"
EndProject
Global
	GlobalSection(SolutionConfigurationPlatforms) = preSolution
		Debug|Any CPU = Debug|Any CPU
		Release|Any CPU = Release|Any CPU
	EndGlobalSection
	GlobalSection(ProjectConfigurationPlatforms) = postSolution
		{E2654C29-CE8E-48CF-B7E3-B1945098E783}.Debug|Any CPU.ActiveCfg = Debug|Any CPU
		{E2654C29-CE8E-48CF-B7E3-B1945098E783}.Debug|Any CPU.Build.0 = Debug|Any CPU
		{E2654C29-CE8E-48CF-B7E3-B1945098E783}.Release|Any CPU.ActiveCfg = Release|Any CPU
		{E2654C29-CE8E-48CF-B7E3-B1945098E783}.Release|Any CPU.Build.0 = Release|Any CPU
		{E16EA914-E728-4334-AA80-7051C74CBF24}.Debug|Any CPU.ActiveCfg = Debug|Any CPU
		{E16EA914-E728-4334-AA80-7051C74CBF24}.Debug|Any CPU.Build.0 = Debug|Any CPU
		{E16EA914-E728-4334-AA80-7051C74CBF24}.Release|Any CPU.ActiveCfg = Release|Any CPU
		{E16EA914-E728-4334-AA80-7051C74CBF24}.Release|Any CPU.Build.0 = Release|Any CPU
		{CD6F867E-367C-4326-A4E1-6275AE58AA17}.Debug|Any CPU.ActiveCfg = Debug|Any CPU
		{CD6F867E-367C-4326-A4E1-6275AE58AA17}.Debug|Any CPU.Build.0 = Debug|Any CPU
		{CD6F867E-367C-4326-A4E1-6275AE58AA17}.Release|Any CPU.ActiveCfg = Release|Any CPU
		{CD6F867E-367C-4326-A4E1-6275AE58AA17}.Release|Any CPU.Build.0 = Release|Any CPU
		{D5C1E0F5-D0E4-4958-9800-8297F6954DD8}.Debug|Any CPU.ActiveCfg = Debug|Any CPU
		{D5C1E0F5-D0E4-4958-9800-8297F6954DD8}.Debug|Any CPU.Build.0 = Debug|Any CPU
		{D5C1E0F5-D0E4-4958-9800-8297F6954DD8}.Release|Any CPU.ActiveCfg = Release|Any CPU
		{D5C1E0F5-D0E4-4958-9800-8297F6954DD8}.Release|Any CPU.Build.0 = Release|Any CPU
		{12E81830-6991-4C1D-8D38-E6C932C14710}.Debug|Any CPU.ActiveCfg = Debug|Any CPU
		{12E81830-6991-4C1D-8D38-E6C932C14710}.Debug|Any CPU.Build.0 = Debug|Any CPU
		{12E81830-6991-4C1D-8D38-E6C932C14710}.Release|Any CPU.ActiveCfg = Release|Any CPU
		{12E81830-6991-4C1D-8D38-E6C932C14710}.Release|Any CPU.Build.0 = Release|Any CPU
		{72122C85-3B66-4DD6-A721-DC457F955454}.Debug|Any CPU.ActiveCfg = Debug|Any CPU
		{72122C85-3B66-4DD6-A721-DC457F955454}.Debug|Any CPU.Build.0 = Debug|Any CPU
		{72122C85-3B66-4DD6-A721-DC457F955454}.Release|Any CPU.ActiveCfg = Release|Any CPU
		{72122C85-3B66-4DD6-A721-DC457F955454}.Release|Any CPU.Build.0 = Release|Any CPU
	EndGlobalSection
	GlobalSection(SolutionProperties) = preSolution
		HideSolutionNode = FALSE
	EndGlobalSection
	GlobalSection(ExtensibilityGlobals) = postSolution
		SolutionGuid = {0DF92C57-AAEE-4207-A960-F51AC301BEFC}
	EndGlobalSection
EndGlobal
